
Microsoft Visual Studio Solution File, Format Version 12.00
# Visual Studio Version 17
VisualStudioVersion = 17.0.31912.275
MinimumVisualStudioVersion = 10.0.40219.1
Project("{2150E333-8FDC-42A3-9474-1A3956D46DE8}") = "src", "src", "{926E6B15-2004-46CC-B704-7FDB0E755705}"
EndProject
Project("{FAE04EC0-301F-11D3-BF4B-00C04F79EFBC}") = "Day1", "src\Day1\Day1.csproj", "{FA394CCA-4947-4A67-A237-C361F9C0730C}"
EndProject
Project("{2150E333-8FDC-42A3-9474-1A3956D46DE8}") = "global", "global", "{BFA6DEE5-3670-4882-B466-394C45A699EE}"
	ProjectSection(SolutionItems) = preProject
		.gitignore = .gitignore
		README.md = README.md
	EndProjectSection
EndProject
Project("{FAE04EC0-301F-11D3-BF4B-00C04F79EFBC}") = "Day2", "src\Day2\Day2.csproj", "{F12672B2-FCF5-474D-A86F-2779D20A5C1D}"
EndProject
Project("{FAE04EC0-301F-11D3-BF4B-00C04F79EFBC}") = "Day3", "src\Day3\Day3.csproj", "{8B13B3D7-3F54-44C5-BC97-A830D099024C}"
EndProject
Project("{FAE04EC0-301F-11D3-BF4B-00C04F79EFBC}") = "Day4", "src\Day4\Day4.csproj", "{5C791919-5ADF-4851-9227-633258693CA3}"
EndProject
Global
	GlobalSection(SolutionConfigurationPlatforms) = preSolution
		Debug|Any CPU = Debug|Any CPU
		Release|Any CPU = Release|Any CPU
	EndGlobalSection
	GlobalSection(ProjectConfigurationPlatforms) = postSolution
		{FA394CCA-4947-4A67-A237-C361F9C0730C}.Debug|Any CPU.ActiveCfg = Debug|Any CPU
		{FA394CCA-4947-4A67-A237-C361F9C0730C}.Debug|Any CPU.Build.0 = Debug|Any CPU
		{FA394CCA-4947-4A67-A237-C361F9C0730C}.Release|Any CPU.ActiveCfg = Release|Any CPU
		{FA394CCA-4947-4A67-A237-C361F9C0730C}.Release|Any CPU.Build.0 = Release|Any CPU
		{F12672B2-FCF5-474D-A86F-2779D20A5C1D}.Debug|Any CPU.ActiveCfg = Debug|Any CPU
		{F12672B2-FCF5-474D-A86F-2779D20A5C1D}.Debug|Any CPU.Build.0 = Debug|Any CPU
		{F12672B2-FCF5-474D-A86F-2779D20A5C1D}.Release|Any CPU.ActiveCfg = Release|Any CPU
		{F12672B2-FCF5-474D-A86F-2779D20A5C1D}.Release|Any CPU.Build.0 = Release|Any CPU
		{8B13B3D7-3F54-44C5-BC97-A830D099024C}.Debug|Any CPU.ActiveCfg = Debug|Any CPU
		{8B13B3D7-3F54-44C5-BC97-A830D099024C}.Debug|Any CPU.Build.0 = Debug|Any CPU
		{8B13B3D7-3F54-44C5-BC97-A830D099024C}.Release|Any CPU.ActiveCfg = Release|Any CPU
		{8B13B3D7-3F54-44C5-BC97-A830D099024C}.Release|Any CPU.Build.0 = Release|Any CPU
		{5C791919-5ADF-4851-9227-633258693CA3}.Debug|Any CPU.ActiveCfg = Debug|Any CPU
		{5C791919-5ADF-4851-9227-633258693CA3}.Debug|Any CPU.Build.0 = Debug|Any CPU
		{5C791919-5ADF-4851-9227-633258693CA3}.Release|Any CPU.ActiveCfg = Release|Any CPU
		{5C791919-5ADF-4851-9227-633258693CA3}.Release|Any CPU.Build.0 = Release|Any CPU
	EndGlobalSection
	GlobalSection(SolutionProperties) = preSolution
		HideSolutionNode = FALSE
	EndGlobalSection
	GlobalSection(NestedProjects) = preSolution
		{FA394CCA-4947-4A67-A237-C361F9C0730C} = {926E6B15-2004-46CC-B704-7FDB0E755705}
		{F12672B2-FCF5-474D-A86F-2779D20A5C1D} = {926E6B15-2004-46CC-B704-7FDB0E755705}
		{8B13B3D7-3F54-44C5-BC97-A830D099024C} = {926E6B15-2004-46CC-B704-7FDB0E755705}
		{5C791919-5ADF-4851-9227-633258693CA3} = {926E6B15-2004-46CC-B704-7FDB0E755705}
	EndGlobalSection
	GlobalSection(ExtensibilityGlobals) = postSolution
		SolutionGuid = {15EEB6F3-A067-45F5-987C-824BD8FDEAF9}
	EndGlobalSection
EndGlobal
